PODS:
  - Alamofire (3.4.0)
  - AlamofireImage (2.4.0):
    - Alamofire (~> 3.3)

DEPENDENCIES:
  - AlamofireImage (~> 2.0)

SPEC CHECKSUMS:
  Alamofire: c19a627cefd6a95f840401c49ab1f124e07f54ee
  AlamofireImage: 87408b652e0f5ae5fe364035f15aea8b9b24c77e

PODFILE CHECKSUM: 22aa978357a8b7af8bbb7a2dcde2cbb4a2cecc68

COCOAPODS: 1.0.0
