// !$*UTF8*$!
{
	archiveVersion = 1;
	classes = {
	};
	objectVersion = 46;
	objects = {

/* Begin PBXBuildFile section */
		3A841EF382CC2EFC997E4F71 /* Pods_Neemu_ChallengeTests.framework in Frameworks */ = {isa = PBXBuildFile; fileRef = C8E06D1E5F0501541EB624F9 /* Pods_Neemu_ChallengeTests.framework */; };
		3EE4284B1D52816000A9B2CF /* AppDelegate.swift in Sources */ = {isa = PBXBuildFile; fileRef = 3EE4284A1D52816000A9B2CF /* AppDelegate.swift */; };
		3EE4284D1D52816000A9B2CF /* ProductsViewController.swift in Sources */ = {isa = PBXBuildFile; fileRef = 3EE4284C1D52816000A9B2CF /* ProductsViewController.swift */; };
		3EE428501D52816000A9B2CF /* Main.storyboard in Resources */ = {isa = PBXBuildFile; fileRef = 3EE4284E1D52816000A9B2CF /* Main.storyboard */; };
		3EE428531D52816000A9B2CF /* Neemu_Challenge.xcdatamodeld in Sources */ = {isa = PBXBuildFile; fileRef = 3EE428511D52816000A9B2CF /* Neemu_Challenge.xcdatamodeld */; };
		3EE428551D52816000A9B2CF /* Assets.xcassets in Resources */ = {isa = PBXBuildFile; fileRef = 3EE428541D52816000A9B2CF /* Assets.xcassets */; };
		3EE428581D52816000A9B2CF /* LaunchScreen.storyboard in Resources */ = {isa = PBXBuildFile; fileRef = 3EE428561D52816000A9B2CF /* LaunchScreen.storyboard */; };
		3EE428631D52816000A9B2CF /* Neemu_ChallengeTests.swift in Sources */ = {isa = PBXBuildFile; fileRef = 3EE428621D52816000A9B2CF /* Neemu_ChallengeTests.swift */; };
		3EE4286E1D52816000A9B2CF /* Neemu_ChallengeUITests.swift in Sources */ = {isa = PBXBuildFile; fileRef = 3EE4286D1D52816000A9B2CF /* Neemu_ChallengeUITests.swift */; };
		3EE428831D52880600A9B2CF /* challenge.json in Resources */ = {isa = PBXBuildFile; fileRef = 3EE428821D52880600A9B2CF /* challenge.json */; };
		3EE428851D52898D00A9B2CF /* Product.swift in Sources */ = {isa = PBXBuildFile; fileRef = 3EE428841D52898D00A9B2CF /* Product.swift */; };
		3EE428871D5290FF00A9B2CF /* DetailViewController.swift in Sources */ = {isa = PBXBuildFile; fileRef = 3EE428861D5290FF00A9B2CF /* DetailViewController.swift */; };
		3EE428891D52912A00A9B2CF /* ProductCell.swift in Sources */ = {isa = PBXBuildFile; fileRef = 3EE428881D52912A00A9B2CF /* ProductCell.swift */; };
		3EE4288B1D52D5F500A9B2CF /* UIColor+AppColor.swift in Sources */ = {isa = PBXBuildFile; fileRef = 3EE4288A1D52D5F500A9B2CF /* UIColor+AppColor.swift */; };
		3EE4288D1D52D9E500A9B2CF /* HeaderCell.swift in Sources */ = {isa = PBXBuildFile; fileRef = 3EE4288C1D52D9E500A9B2CF /* HeaderCell.swift */; };
		3EE4288F1D52E96100A9B2CF /* DetailCell.swift in Sources */ = {isa = PBXBuildFile; fileRef = 3EE4288E1D52E96100A9B2CF /* DetailCell.swift */; };
		3EE428911D5365F300A9B2CF /* RatingControl.swift in Sources */ = {isa = PBXBuildFile; fileRef = 3EE428901D5365F300A9B2CF /* RatingControl.swift */; };
		4A7D7CFC441D66FFC3C001C4 /* Pods_Neemu_Challenge.framework in Frameworks */ = {isa = PBXBuildFile; fileRef = 8D74E8045FBC38732B0336F6 /* Pods_Neemu_Challenge.framework */; };
		BC01ED1F762A8C1750FA884F /* Pods_Neemu_ChallengeUITests.framework in Frameworks */ = {isa = PBXBuildFile; fileRef = AA9B956C179EB86B0F9D6EB2 /* Pods_Neemu_ChallengeUITests.framework */; };
/* End PBXBuildFile section */

/* Begin PBXContainerItemProxy section */
		3EE4285F1D52816000A9B2CF /* PBXContainerItemProxy */ = {
			isa = PBXContainerItemProxy;
			containerPortal = 3EE4283F1D52816000A9B2CF /* Project object */;
			proxyType = 1;
			remoteGlobalIDString = 3EE428461D52816000A9B2CF;
			remoteInfo = "Neemu Challenge";
		};
		3EE4286A1D52816000A9B2CF /* PBXContainerItemProxy */ = {
			isa = PBXContainerItemProxy;
			containerPortal = 3EE4283F1D52816000A9B2CF /* Project object */;
			proxyType = 1;
			remoteGlobalIDString = 3EE428461D52816000A9B2CF;
			remoteInfo = "Neemu Challenge";
		};
/* End PBXContainerItemProxy section */

/* Begin PBXFileReference section */
		2B5CDAD9191C4C34B56D17D6 /* Pods-Neemu ChallengeTests.debug.xcconfig */ = {isa = PBXFileReference; includeInIndex = 1; lastKnownFileType = text.xcconfig; name = "Pods-Neemu ChallengeTests.debug.xcconfig"; path = "Pods/Target Support Files/Pods-Neemu ChallengeTests/Pods-Neemu ChallengeTests.debug.xcconfig"; sourceTree = "<group>"; };
		3EE428471D52816000A9B2CF /* Neemu Challenge.app */ = {isa = PBXFileReference; explicitFileType = wrapper.application; includeInIndex = 0; path = "Neemu Challenge.app"; sourceTree = BUILT_PRODUCTS_DIR; };
		3EE4284A1D52816000A9B2CF /* AppDelegate.swift */ = {isa = PBXFileReference; lastKnownFileType = sourcecode.swift; path = AppDelegate.swift; sourceTree = "<group>"; };
		3EE4284C1D52816000A9B2CF /* ProductsViewController.swift */ = {isa = PBXFileReference; lastKnownFileType = sourcecode.swift; path = ProductsViewController.swift; sourceTree = "<group>"; };
		3EE4284F1D52816000A9B2CF /* Base */ = {isa = PBXFileReference; lastKnownFileType = file.storyboard; name = Base; path = Base.lproj/Main.storyboard; sourceTree = "<group>"; };
		3EE428521D52816000A9B2CF /* Neemu_Challenge.xcdatamodel */ = {isa = PBXFileReference; lastKnownFileType = wrapper.xcdatamodel; path = Neemu_Challenge.xcdatamodel; sourceTree = "<group>"; };
		3EE428541D52816000A9B2CF /* Assets.xcassets */ = {isa = PBXFileReference; lastKnownFileType = folder.assetcatalog; path = Assets.xcassets; sourceTree = "<group>"; };
		3EE428571D52816000A9B2CF /* Base */ = {isa = PBXFileReference; lastKnownFileType = file.storyboard; name = Base; path = Base.lproj/LaunchScreen.storyboard; sourceTree = "<group>"; };
		3EE428591D52816000A9B2CF /* Info.plist */ = {isa = PBXFileReference; lastKnownFileType = text.plist.xml; path = Info.plist; sourceTree = "<group>"; };
		3EE4285E1D52816000A9B2CF /* Neemu ChallengeTests.xctest */ = {isa = PBXFileReference; explicitFileType = wrapper.cfbundle; includeInIndex = 0; path = "Neemu ChallengeTests.xctest"; sourceTree = BUILT_PRODUCTS_DIR; };
		3EE428621D52816000A9B2CF /* Neemu_ChallengeTests.swift */ = {isa = PBXFileReference; lastKnownFileType = sourcecode.swift; path = Neemu_ChallengeTests.swift; sourceTree = "<group>"; };
		3EE428641D52816000A9B2CF /* Info.plist */ = {isa = PBXFileReference; lastKnownFileType = text.plist.xml; path = Info.plist; sourceTree = "<group>"; };
		3EE428691D52816000A9B2CF /* Neemu ChallengeUITests.xctest */ = {isa = PBXFileReference; explicitFileType = wrapper.cfbundle; includeInIndex = 0; path = "Neemu ChallengeUITests.xctest"; sourceTree = BUILT_PRODUCTS_DIR; };
		3EE4286D1D52816000A9B2CF /* Neemu_ChallengeUITests.swift */ = {isa = PBXFileReference; lastKnownFileType = sourcecode.swift; path = Neemu_ChallengeUITests.swift; sourceTree = "<group>"; };
		3EE4286F1D52816000A9B2CF /* Info.plist */ = {isa = PBXFileReference; lastKnownFileType = text.plist.xml; path = Info.plist; sourceTree = "<group>"; };
		3EE428821D52880600A9B2CF /* challenge.json */ = {isa = PBXFileReference; fileEncoding = 4; lastKnownFileType = text.json; path = challenge.json; sourceTree = "<group>"; };
		3EE428841D52898D00A9B2CF /* Product.swift */ = {isa = PBXFileReference; fileEncoding = 4; lastKnownFileType = sourcecode.swift; path = Product.swift; sourceTree = "<group>"; };
		3EE428861D5290FF00A9B2CF /* DetailViewController.swift */ = {isa = PBXFileReference; fileEncoding = 4; lastKnownFileType = sourcecode.swift; path = DetailViewController.swift; sourceTree = "<group>"; };
		3EE428881D52912A00A9B2CF /* ProductCell.swift */ = {isa = PBXFileReference; fileEncoding = 4; lastKnownFileType = sourcecode.swift; path = ProductCell.swift; sourceTree = "<group>"; };
		3EE4288A1D52D5F500A9B2CF /* UIColor+AppColor.swift */ = {isa = PBXFileReference; fileEncoding = 4; lastKnownFileType = sourcecode.swift; path = "UIColor+AppColor.swift"; sourceTree = "<group>"; };
		3EE4288C1D52D9E500A9B2CF /* HeaderCell.swift */ = {isa = PBXFileReference; fileEncoding = 4; lastKnownFileType = sourcecode.swift; path = HeaderCell.swift; sourceTree = "<group>"; };
		3EE4288E1D52E96100A9B2CF /* DetailCell.swift */ = {isa = PBXFileReference; fileEncoding = 4; lastKnownFileType = sourcecode.swift; path = DetailCell.swift; sourceTree = "<group>"; };
		3EE428901D5365F300A9B2CF /* RatingControl.swift */ = {isa = PBXFileReference; fileEncoding = 4; lastKnownFileType = sourcecode.swift; path = RatingControl.swift; sourceTree = "<group>"; };
		797D0DE5FE174A33F44185BC /* Pods-Neemu Challenge.release.xcconfig */ = {isa = PBXFileReference; includeInIndex = 1; lastKnownFileType = text.xcconfig; name = "Pods-Neemu Challenge.release.xcconfig"; path = "Pods/Target Support Files/Pods-Neemu Challenge/Pods-Neemu Challenge.release.xcconfig"; sourceTree = "<group>"; };
		8CF3CEBFA0F6C739732BCCE7 /* Pods-Neemu ChallengeTests.release.xcconfig */ = {isa = PBXFileReference; includeInIndex = 1; lastKnownFileType = text.xcconfig; name = "Pods-Neemu ChallengeTests.release.xcconfig"; path = "Pods/Target Support Files/Pods-Neemu ChallengeTests/Pods-Neemu ChallengeTests.release.xcconfig"; sourceTree = "<group>"; };
		8D74E8045FBC38732B0336F6 /* Pods_Neemu_Challenge.framework */ = {isa = PBXFileReference; explicitFileType = wrapper.framework; includeInIndex = 0; path = Pods_Neemu_Challenge.framework; sourceTree = BUILT_PRODUCTS_DIR; };
		AA9B956C179EB86B0F9D6EB2 /* Pods_Neemu_ChallengeUITests.framework */ = {isa = PBXFileReference; explicitFileType = wrapper.framework; includeInIndex = 0; path = Pods_Neemu_ChallengeUITests.framework; sourceTree = BUILT_PRODUCTS_DIR; };
		C8E06D1E5F0501541EB624F9 /* Pods_Neemu_ChallengeTests.framework */ = {isa = PBXFileReference; explicitFileType = wrapper.framework; includeInIndex = 0; path = Pods_Neemu_ChallengeTests.framework; sourceTree = BUILT_PRODUCTS_DIR; };
		E213E0867A092C895E03F5BC /* Pods-Neemu Challenge.debug.xcconfig */ = {isa = PBXFileReference; includeInIndex = 1; lastKnownFileType = text.xcconfig; name = "Pods-Neemu Challenge.debug.xcconfig"; path = "Pods/Target Support Files/Pods-Neemu Challenge/Pods-Neemu Challenge.debug.xcconfig"; sourceTree = "<group>"; };
		E93C18F6FF77B8AE0CC1D821 /* Pods-Neemu ChallengeUITests.release.xcconfig */ = {isa = PBXFileReference; includeInIndex = 1; lastKnownFileType = text.xcconfig; name = "Pods-Neemu ChallengeUITests.release.xcconfig"; path = "Pods/Target Support Files/Pods-Neemu ChallengeUITests/Pods-Neemu ChallengeUITests.release.xcconfig"; sourceTree = "<group>"; };
		F3A2C59989ED372C1803A732 /* Pods-Neemu ChallengeUITests.debug.xcconfig */ = {isa = PBXFileReference; includeInIndex = 1; lastKnownFileType = text.xcconfig; name = "Pods-Neemu ChallengeUITests.debug.xcconfig"; path = "Pods/Target Support Files/Pods-Neemu ChallengeUITests/Pods-Neemu ChallengeUITests.debug.xcconfig"; sourceTree = "<group>"; };
/* End PBXFileReference section */

/* Begin PBXFrameworksBuildPhase section */
		3EE428441D52816000A9B2CF /* Frameworks */ = {
			isa = PBXFrameworksBuildPhase;
			buildActionMask = 2147483647;
			files = (
				4A7D7CFC441D66FFC3C001C4 /* Pods_Neemu_Challenge.framework in Frameworks */,
			);
			runOnlyForDeploymentPostprocessing = 0;
		};
		3EE4285B1D52816000A9B2CF /* Frameworks */ = {
			isa = PBXFrameworksBuildPhase;
			buildActionMask = 2147483647;
			files = (
				3A841EF382CC2EFC997E4F71 /* Pods_Neemu_ChallengeTests.framework in Frameworks */,
			);
			runOnlyForDeploymentPostprocessing = 0;
		};
		3EE428661D52816000A9B2CF /* Frameworks */ = {
			isa = PBXFrameworksBuildPhase;
			buildActionMask = 2147483647;
			files = (
				BC01ED1F762A8C1750FA884F /* Pods_Neemu_ChallengeUITests.framework in Frameworks */,
			);
			runOnlyForDeploymentPostprocessing = 0;
		};
/* End PBXFrameworksBuildPhase section */

/* Begin PBXGroup section */
		3E826FD0F6E0D550705F0FA2 /* Pods */ = {
			isa = PBXGroup;
			children = (
				E213E0867A092C895E03F5BC /* Pods-Neemu Challenge.debug.xcconfig */,
				797D0DE5FE174A33F44185BC /* Pods-Neemu Challenge.release.xcconfig */,
				2B5CDAD9191C4C34B56D17D6 /* Pods-Neemu ChallengeTests.debug.xcconfig */,
				8CF3CEBFA0F6C739732BCCE7 /* Pods-Neemu ChallengeTests.release.xcconfig */,
				F3A2C59989ED372C1803A732 /* Pods-Neemu ChallengeUITests.debug.xcconfig */,
				E93C18F6FF77B8AE0CC1D821 /* Pods-Neemu ChallengeUITests.release.xcconfig */,
			);
			name = Pods;
			sourceTree = "<group>";
		};
		3EE4283E1D52816000A9B2CF = {
			isa = PBXGroup;
			children = (
				3EE428491D52816000A9B2CF /* Neemu Challenge */,
				3EE428611D52816000A9B2CF /* Neemu ChallengeTests */,
				3EE4286C1D52816000A9B2CF /* Neemu ChallengeUITests */,
				3EE428481D52816000A9B2CF /* Products */,
				3E826FD0F6E0D550705F0FA2 /* Pods */,
				4ACE01213A0498A64E578D87 /* Frameworks */,
			);
			sourceTree = "<group>";
		};
		3EE428481D52816000A9B2CF /* Products */ = {
			isa = PBXGroup;
			children = (
				3EE428471D52816000A9B2CF /* Neemu Challenge.app */,
				3EE4285E1D52816000A9B2CF /* Neemu ChallengeTests.xctest */,
				3EE428691D52816000A9B2CF /* Neemu ChallengeUITests.xctest */,
			);
			name = Products;
			sourceTree = "<group>";
		};
		3EE428491D52816000A9B2CF /* Neemu Challenge */ = {
			isa = PBXGroup;
			children = (
				3EE4284A1D52816000A9B2CF /* AppDelegate.swift */,
				3EE4287B1D5282A900A9B2CF /* Model */,
				3EE4287C1D5282AF00A9B2CF /* View */,
				3EE4287D1D5282B400A9B2CF /* Controller */,
				3EE428921D53660A00A9B2CF /* Component */,
				3EE4287F1D52861C00A9B2CF /* Resources */,
				3EE4287E1D5282C600A9B2CF /* Extensions */,
				3EE4284E1D52816000A9B2CF /* Main.storyboard */,
				3EE428541D52816000A9B2CF /* Assets.xcassets */,
				3EE428561D52816000A9B2CF /* LaunchScreen.storyboard */,
				3EE428591D52816000A9B2CF /* Info.plist */,
				3EE428511D52816000A9B2CF /* Neemu_Challenge.xcdatamodeld */,
			);
			path = "Neemu Challenge";
			sourceTree = "<group>";
		};
		3EE428611D52816000A9B2CF /* Neemu ChallengeTests */ = {
			isa = PBXGroup;
			children = (
				3EE428621D52816000A9B2CF /* Neemu_ChallengeTests.swift */,
				3EE428641D52816000A9B2CF /* Info.plist */,
			);
			path = "Neemu ChallengeTests";
			sourceTree = "<group>";
		};
		3EE4286C1D52816000A9B2CF /* Neemu ChallengeUITests */ = {
			isa = PBXGroup;
			children = (
				3EE4286D1D52816000A9B2CF /* Neemu_ChallengeUITests.swift */,
				3EE4286F1D52816000A9B2CF /* Info.plist */,
			);
			path = "Neemu ChallengeUITests";
			sourceTree = "<group>";
		};
		3EE4287B1D5282A900A9B2CF /* Model */ = {
			isa = PBXGroup;
			children = (
				3EE428841D52898D00A9B2CF /* Product.swift */,
			);
			name = Model;
			sourceTree = "<group>";
		};
		3EE4287C1D5282AF00A9B2CF /* View */ = {
			isa = PBXGroup;
			children = (
				3EE428881D52912A00A9B2CF /* ProductCell.swift */,
				3EE4288C1D52D9E500A9B2CF /* HeaderCell.swift */,
				3EE4288E1D52E96100A9B2CF /* DetailCell.swift */,
			);
			name = View;
			sourceTree = "<group>";
		};
		3EE4287D1D5282B400A9B2CF /* Controller */ = {
			isa = PBXGroup;
			children = (
				3EE4284C1D52816000A9B2CF /* ProductsViewController.swift */,
				3EE428861D5290FF00A9B2CF /* DetailViewController.swift */,
			);
			name = Controller;
			sourceTree = "<group>";
		};
		3EE4287E1D5282C600A9B2CF /* Extensions */ = {
			isa = PBXGroup;
			children = (
				3EE4288A1D52D5F500A9B2CF /* UIColor+AppColor.swift */,
			);
			name = Extensions;
			sourceTree = "<group>";
		};
		3EE4287F1D52861C00A9B2CF /* Resources */ = {
			isa = PBXGroup;
			children = (
				3EE428821D52880600A9B2CF /* challenge.json */,
			);
			name = Resources;
			sourceTree = "<group>";
		};
		3EE428921D53660A00A9B2CF /* Component */ = {
			isa = PBXGroup;
			children = (
				3EE428901D5365F300A9B2CF /* RatingControl.swift */,
			);
			name = Component;
			sourceTree = "<group>";
		};
		4ACE01213A0498A64E578D87 /* Frameworks */ = {
			isa = PBXGroup;
			children = (
				8D74E8045FBC38732B0336F6 /* Pods_Neemu_Challenge.framework */,
				C8E06D1E5F0501541EB624F9 /* Pods_Neemu_ChallengeTests.framework */,
				AA9B956C179EB86B0F9D6EB2 /* Pods_Neemu_ChallengeUITests.framework */,
			);
			name = Frameworks;
			sourceTree = "<group>";
		};
/* End PBXGroup section */

/* Begin PBXNativeTarget section */
		3EE428461D52816000A9B2CF /* Neemu Challenge */ = {
			isa = PBXNativeTarget;
			buildConfigurationList = 3EE428721D52816000A9B2CF /* Build configuration list for PBXNativeTarget "Neemu Challenge" */;
			buildPhases = (
				04A2D020163BCCE254692C56 /* 📦 Check Pods Manifest.lock */,
				3EE428431D52816000A9B2CF /* Sources */,
				3EE428441D52816000A9B2CF /* Frameworks */,
				3EE428451D52816000A9B2CF /* Resources */,
				9E1C0A0161DB40B580055B3C /* 📦 Embed Pods Frameworks */,
				69EC920EAC016AB6625ACA3B /* 📦 Copy Pods Resources */,
			);
			buildRules = (
			);
			dependencies = (
			);
			name = "Neemu Challenge";
			productName = "Neemu Challenge";
			productReference = 3EE428471D52816000A9B2CF /* Neemu Challenge.app */;
			productType = "com.apple.product-type.application";
		};
		3EE4285D1D52816000A9B2CF /* Neemu ChallengeTests */ = {
			isa = PBXNativeTarget;
			buildConfigurationList = 3EE428751D52816000A9B2CF /* Build configuration list for PBXNativeTarget "Neemu ChallengeTests" */;
			buildPhases = (
				670A4DCAE742EB83266DEFFE /* 📦 Check Pods Manifest.lock */,
				3EE4285A1D52816000A9B2CF /* Sources */,
				3EE4285B1D52816000A9B2CF /* Frameworks */,
				3EE4285C1D52816000A9B2CF /* Resources */,
				4F821817EE32A5898F06E2F6 /* 📦 Embed Pods Frameworks */,
				77BDED2729324165DB7D50CE /* 📦 Copy Pods Resources */,
			);
			buildRules = (
			);
			dependencies = (
				3EE428601D52816000A9B2CF /* PBXTargetDependency */,
			);
			name = "Neemu ChallengeTests";
			productName = "Neemu ChallengeTests";
			productReference = 3EE4285E1D52816000A9B2CF /* Neemu ChallengeTests.xctest */;
			productType = "com.apple.product-type.bundle.unit-test";
		};
		3EE428681D52816000A9B2CF /* Neemu ChallengeUITests */ = {
			isa = PBXNativeTarget;
			buildConfigurationList = 3EE428781D52816000A9B2CF /* Build configuration list for PBXNativeTarget "Neemu ChallengeUITests" */;
			buildPhases = (
				F134618C7AC9D50AE5870769 /* 📦 Check Pods Manifest.lock */,
				3EE428651D52816000A9B2CF /* Sources */,
				3EE428661D52816000A9B2CF /* Frameworks */,
				3EE428671D52816000A9B2CF /* Resources */,
				D0732E70DAD8904DFBC27818 /* 📦 Copy Pods Resources */,
			);
			buildRules = (
			);
			dependencies = (
				3EE4286B1D52816000A9B2CF /* PBXTargetDependency */,
			);
			name = "Neemu ChallengeUITests";
			productName = "Neemu ChallengeUITests";
			productReference = 3EE428691D52816000A9B2CF /* Neemu ChallengeUITests.xctest */;
			productType = "com.apple.product-type.bundle.ui-testing";
		};
/* End PBXNativeTarget section */

/* Begin PBXProject section */
		3EE4283F1D52816000A9B2CF /* Project object */ = {
			isa = PBXProject;
			attributes = {
				LastSwiftUpdateCheck = 0730;
				LastUpgradeCheck = 0730;
				ORGANIZATIONNAME = Neemu;
				TargetAttributes = {
					3EE428461D52816000A9B2CF = {
						CreatedOnToolsVersion = 7.3.1;
					};
					3EE4285D1D52816000A9B2CF = {
						CreatedOnToolsVersion = 7.3.1;
						TestTargetID = 3EE428461D52816000A9B2CF;
					};
					3EE428681D52816000A9B2CF = {
						CreatedOnToolsVersion = 7.3.1;
						TestTargetID = 3EE428461D52816000A9B2CF;
					};
				};
			};
			buildConfigurationList = 3EE428421D52816000A9B2CF /* Build configuration list for PBXProject "Neemu Challenge" */;
			compatibilityVersion = "Xcode 3.2";
			developmentRegion = English;
			hasScannedForEncodings = 0;
			knownRegions = (
				en,
				Base,
			);
			mainGroup = 3EE4283E1D52816000A9B2CF;
			productRefGroup = 3EE428481D52816000A9B2CF /* Products */;
			projectDirPath = "";
			projectRoot = "";
			targets = (
				3EE428461D52816000A9B2CF /* Neemu Challenge */,
				3EE4285D1D52816000A9B2CF /* Neemu ChallengeTests */,
				3EE428681D52816000A9B2CF /* Neemu ChallengeUITests */,
			);
		};
/* End PBXProject section */

/* Begin PBXResourcesBuildPhase section */
		3EE428451D52816000A9B2CF /* Resources */ = {
			isa = PBXResourcesBuildPhase;
			buildActionMask = 2147483647;
			files = (
				3EE428581D52816000A9B2CF /* LaunchScreen.storyboard in Resources */,
				3EE428831D52880600A9B2CF /* challenge.json in Resources */,
				3EE428551D52816000A9B2CF /* Assets.xcassets in Resources */,
				3EE428501D52816000A9B2CF /* Main.storyboard in Resources */,
			);
			runOnlyForDeploymentPostprocessing = 0;
		};
		3EE4285C1D52816000A9B2CF /* Resources */ = {
			isa = PBXResourcesBuildPhase;
			buildActionMask = 2147483647;
			files = (
			);
			runOnlyForDeploymentPostprocessing = 0;
		};
		3EE428671D52816000A9B2CF /* Resources */ = {
			isa = PBXResourcesBuildPhase;
			buildActionMask = 2147483647;
			files = (
			);
			runOnlyForDeploymentPostprocessing = 0;
		};
/* End PBXResourcesBuildPhase section */

/* Begin PBXShellScriptBuildPhase section */
		04A2D020163BCCE254692C56 /* 📦 Check Pods Manifest.lock */ = {
			isa = PBXShellScriptBuildPhase;
			buildActionMask = 2147483647;
			files = (
			);
			inputPaths = (
			);
			name = "📦 Check Pods Manifest.lock";
			outputPaths = (
			);
			runOnlyForDeploymentPostprocessing = 0;
			shellPath = /bin/sh;
			shellScript = "diff \"${PODS_ROOT}/../Podfile.lock\" \"${PODS_ROOT}/Manifest.lock\" > /dev/null\nif [[ $? != 0 ]] ; then\n    cat << EOM\nerror: The sandbox is not in sync with the Podfile.lock. Run 'pod install' or update your CocoaPods installation.\nEOM\n    exit 1\nfi\n";
			showEnvVarsInLog = 0;
		};
		4F821817EE32A5898F06E2F6 /* 📦 Embed Pods Frameworks */ = {
			isa = PBXShellScriptBuildPhase;
			buildActionMask = 2147483647;
			files = (
			);
			inputPaths = (
			);
			name = "📦 Embed Pods Frameworks";
			outputPaths = (
			);
			runOnlyForDeploymentPostprocessing = 0;
			shellPath = /bin/sh;
			shellScript = "\"${SRCROOT}/Pods/Target Support Files/Pods-Neemu ChallengeTests/Pods-Neemu ChallengeTests-frameworks.sh\"\n";
			showEnvVarsInLog = 0;
		};
		670A4DCAE742EB83266DEFFE /* 📦 Check Pods Manifest.lock */ = {
			isa = PBXShellScriptBuildPhase;
			buildActionMask = 2147483647;
			files = (
			);
			inputPaths = (
			);
			name = "📦 Check Pods Manifest.lock";
			outputPaths = (
			);
			runOnlyForDeploymentPostprocessing = 0;
			shellPath = /bin/sh;
			shellScript = "diff \"${PODS_ROOT}/../Podfile.lock\" \"${PODS_ROOT}/Manifest.lock\" > /dev/null\nif [[ $? != 0 ]] ; then\n    cat << EOM\nerror: The sandbox is not in sync with the Podfile.lock. Run 'pod install' or update your CocoaPods installation.\nEOM\n    exit 1\nfi\n";
			showEnvVarsInLog = 0;
		};
		69EC920EAC016AB6625ACA3B /* 📦 Copy Pods Resources */ = {
			isa = PBXShellScriptBuildPhase;
			buildActionMask = 2147483647;
			files = (
			);
			inputPaths = (
			);
			name = "📦 Copy Pods Resources";
			outputPaths = (
			);
			runOnlyForDeploymentPostprocessing = 0;
			shellPath = /bin/sh;
			shellScript = "\"${SRCROOT}/Pods/Target Support Files/Pods-Neemu Challenge/Pods-Neemu Challenge-resources.sh\"\n";
			showEnvVarsInLog = 0;
		};
		77BDED2729324165DB7D50CE /* 📦 Copy Pods Resources */ = {
			isa = PBXShellScriptBuildPhase;
			buildActionMask = 2147483647;
			files = (
			);
			inputPaths = (
			);
			name = "📦 Copy Pods Resources";
			outputPaths = (
			);
			runOnlyForDeploymentPostprocessing = 0;
			shellPath = /bin/sh;
			shellScript = "\"${SRCROOT}/Pods/Target Support Files/Pods-Neemu ChallengeTests/Pods-Neemu ChallengeTests-resources.sh\"\n";
			showEnvVarsInLog = 0;
		};
		9E1C0A0161DB40B580055B3C /* 📦 Embed Pods Frameworks */ = {
			isa = PBXShellScriptBuildPhase;
			buildActionMask = 2147483647;
			files = (
			);
			inputPaths = (
			);
			name = "📦 Embed Pods Frameworks";
			outputPaths = (
			);
			runOnlyForDeploymentPostprocessing = 0;
			shellPath = /bin/sh;
			shellScript = "\"${SRCROOT}/Pods/Target Support Files/Pods-Neemu Challenge/Pods-Neemu Challenge-frameworks.sh\"\n";
			showEnvVarsInLog = 0;
		};
		D0732E70DAD8904DFBC27818 /* 📦 Copy Pods Resources */ = {
			isa = PBXShellScriptBuildPhase;
			buildActionMask = 2147483647;
			files = (
			);
			inputPaths = (
			);
			name = "📦 Copy Pods Resources";
			outputPaths = (
			);
			runOnlyForDeploymentPostprocessing = 0;
			shellPath = /bin/sh;
			shellScript = "\"${SRCROOT}/Pods/Target Support Files/Pods-Neemu ChallengeUITests/Pods-Neemu ChallengeUITests-resources.sh\"\n";
			showEnvVarsInLog = 0;
		};
		F134618C7AC9D50AE5870769 /* 📦 Check Pods Manifest.lock */ = {
			isa = PBXShellScriptBuildPhase;
			buildActionMask = 2147483647;
			files = (
			);
			inputPaths = (
			);
			name = "📦 Check Pods Manifest.lock";
			outputPaths = (
			);
			runOnlyForDeploymentPostprocessing = 0;
			shellPath = /bin/sh;
			shellScript = "diff \"${PODS_ROOT}/../Podfile.lock\" \"${PODS_ROOT}/Manifest.lock\" > /dev/null\nif [[ $? != 0 ]] ; then\n    cat << EOM\nerror: The sandbox is not in sync with the Podfile.lock. Run 'pod install' or update your CocoaPods installation.\nEOM\n    exit 1\nfi\n";
			showEnvVarsInLog = 0;
		};
/* End PBXShellScriptBuildPhase section */

/* Begin PBXSourcesBuildPhase section */
		3EE428431D52816000A9B2CF /* Sources */ = {
			isa = PBXSourcesBuildPhase;
			buildActionMask = 2147483647;
			files = (
				3EE4288B1D52D5F500A9B2CF /* UIColor+AppColor.swift in Sources */,
				3EE428531D52816000A9B2CF /* Neemu_Challenge.xcdatamodeld in Sources */,
				3EE4288F1D52E96100A9B2CF /* DetailCell.swift in Sources */,
				3EE428851D52898D00A9B2CF /* Product.swift in Sources */,
				3EE428871D5290FF00A9B2CF /* DetailViewController.swift in Sources */,
				3EE4288D1D52D9E500A9B2CF /* HeaderCell.swift in Sources */,
				3EE428891D52912A00A9B2CF /* ProductCell.swift in Sources */,
				3EE4284D1D52816000A9B2CF /* ProductsViewController.swift in Sources */,
				3EE428911D5365F300A9B2CF /* RatingControl.swift in Sources */,
				3EE4284B1D52816000A9B2CF /* AppDelegate.swift in Sources */,
			);
			runOnlyForDeploymentPostprocessing = 0;
		};
		3EE4285A1D52816000A9B2CF /* Sources */ = {
			isa = PBXSourcesBuildPhase;
			buildActionMask = 2147483647;
			files = (
				3EE428631D52816000A9B2CF /* Neemu_ChallengeTests.swift in Sources */,
			);
			runOnlyForDeploymentPostprocessing = 0;
		};
		3EE428651D52816000A9B2CF /* Sources */ = {
			isa = PBXSourcesBuildPhase;
			buildActionMask = 2147483647;
			files = (
				3EE4286E1D52816000A9B2CF /* Neemu_ChallengeUITests.swift in Sources */,
			);
			runOnlyForDeploymentPostprocessing = 0;
		};
/* End PBXSourcesBuildPhase section */

/* Begin PBXTargetDependency section */
		3EE428601D52816000A9B2CF /* PBXTargetDependency */ = {
			isa = PBXTargetDependency;
			target = 3EE428461D52816000A9B2CF /* Neemu Challenge */;
			targetProxy = 3EE4285F1D52816000A9B2CF /* PBXContainerItemProxy */;
		};
		3EE4286B1D52816000A9B2CF /* PBXTargetDependency */ = {
			isa = PBXTargetDependency;
			target = 3EE428461D52816000A9B2CF /* Neemu Challenge */;
			targetProxy = 3EE4286A1D52816000A9B2CF /* PBXContainerItemProxy */;
		};
/* End PBXTargetDependency section */

/* Begin PBXVariantGroup section */
		3EE4284E1D52816000A9B2CF /* Main.storyboard */ = {
			isa = PBXVariantGroup;
			children = (
				3EE4284F1D52816000A9B2CF /* Base */,
			);
			name = Main.storyboard;
			sourceTree = "<group>";
		};
		3EE428561D52816000A9B2CF /* LaunchScreen.storyboard */ = {
			isa = PBXVariantGroup;
			children = (
				3EE428571D52816000A9B2CF /* Base */,
			);
			name = LaunchScreen.storyboard;
			sourceTree = "<group>";
		};
/* End PBXVariantGroup section */

/* Begin XCBuildConfiguration section */
		3EE428701D52816000A9B2CF /* Debug */ = {
			isa = XCBuildConfiguration;
			buildSettings = {
				ALWAYS_SEARCH_USER_PATHS = NO;
				CLANG_ANALYZER_NONNULL = YES;
				CLANG_CXX_LANGUAGE_STANDARD = "gnu++0x";
				CLANG_CXX_LIBRARY = "libc++";
				CLANG_ENABLE_MODULES = YES;
				CLANG_ENABLE_OBJC_ARC = YES;
				CLANG_WARN_BOOL_CONVERSION = YES;
				CLANG_WARN_CONSTANT_CONVERSION = YES;
				CLANG_WARN_DIRECT_OBJC_ISA_USAGE = YES_ERROR;
				CLANG_WARN_EMPTY_BODY = YES;
				CLANG_WARN_ENUM_CONVERSION = YES;
				CLANG_WARN_INT_CONVERSION = YES;
				CLANG_WARN_OBJC_ROOT_CLASS = YES_ERROR;
				CLANG_WARN_UNREACHABLE_CODE = YES;
				CLANG_WARN__DUPLICATE_METHOD_MATCH = YES;
				"CODE_SIGN_IDENTITY[sdk=iphoneos*]" = "iPhone Developer";
				COPY_PHASE_STRIP = NO;
				DEBUG_INFORMATION_FORMAT = dwarf;
				ENABLE_STRICT_OBJC_MSGSEND = YES;
				ENABLE_TESTABILITY = YES;
				GCC_C_LANGUAGE_STANDARD = gnu99;
				GCC_DYNAMIC_NO_PIC = NO;
				GCC_NO_COMMON_BLOCKS = YES;
				GCC_OPTIMIZATION_LEVEL = 0;
				GCC_PREPROCESSOR_DEFINITIONS = (
					"DEBUG=1",
					"$(inherited)",
				);
				GCC_WARN_64_TO_32_BIT_CONVERSION = YES;
				GCC_WARN_ABOUT_RETURN_TYPE = YES_ERROR;
				GCC_WARN_UNDECLARED_SELECTOR = YES;
				GCC_WARN_UNINITIALIZED_AUTOS = YES_AGGRESSIVE;
				GCC_WARN_UNUSED_FUNCTION = YES;
				GCC_WARN_UNUSED_VARIABLE = YES;
				IPHONEOS_DEPLOYMENT_TARGET = 9.3;
				MTL_ENABLE_DEBUG_INFO = YES;
				ONLY_ACTIVE_ARCH = YES;
				SDKROOT = iphoneos;
				SWIFT_OPTIMIZATION_LEVEL = "-Onone";
				TARGETED_DEVICE_FAMILY = "1,2";
			};
			name = Debug;
		};
		3EE428711D52816000A9B2CF /* Release */ = {
			isa = XCBuildConfiguration;
			buildSettings = {
				ALWAYS_SEARCH_USER_PATHS = NO;
				CLANG_ANALYZER_NONNULL = YES;
				CLANG_CXX_LANGUAGE_STANDARD = "gnu++0x";
				CLANG_CXX_LIBRARY = "libc++";
				CLANG_ENABLE_MODULES = YES;
				CLANG_ENABLE_OBJC_ARC = YES;
				CLANG_WARN_BOOL_CONVERSION = YES;
				CLANG_WARN_CONSTANT_CONVERSION = YES;
				CLANG_WARN_DIRECT_OBJC_ISA_USAGE = YES_ERROR;
				CLANG_WARN_EMPTY_BODY = YES;
				CLANG_WARN_ENUM_CONVERSION = YES;
				CLANG_WARN_INT_CONVERSION = YES;
				CLANG_WARN_OBJC_ROOT_CLASS = YES_ERROR;
				CLANG_WARN_UNREACHABLE_CODE = YES;
				CLANG_WARN__DUPLICATE_METHOD_MATCH = YES;
				"CODE_SIGN_IDENTITY[sdk=iphoneos*]" = "iPhone Developer";
				COPY_PHASE_STRIP = NO;
				DEBUG_INFORMATION_FORMAT = "dwarf-with-dsym";
				ENABLE_NS_ASSERTIONS = NO;
				ENABLE_STRICT_OBJC_MSGSEND = YES;
				GCC_C_LANGUAGE_STANDARD = gnu99;
				GCC_NO_COMMON_BLOCKS = YES;
				GCC_WARN_64_TO_32_BIT_CONVERSION = YES;
				GCC_WARN_ABOUT_RETURN_TYPE = YES_ERROR;
				GCC_WARN_UNDECLARED_SELECTOR = YES;
				GCC_WARN_UNINITIALIZED_AUTOS = YES_AGGRESSIVE;
				GCC_WARN_UNUSED_FUNCTION = YES;
				GCC_WARN_UNUSED_VARIABLE = YES;
				IPHONEOS_DEPLOYMENT_TARGET = 9.3;
				MTL_ENABLE_DEBUG_INFO = NO;
				SDKROOT = iphoneos;
				TARGETED_DEVICE_FAMILY = "1,2";
				VALIDATE_PRODUCT = YES;
			};
			name = Release;
		};
		3EE428731D52816000A9B2CF /* Debug */ = {
			isa = XCBuildConfiguration;
			baseConfigurationReference = E213E0867A092C895E03F5BC /* Pods-Neemu Challenge.debug.xcconfig */;
			buildSettings = {
				ASSETCATALOG_COMPILER_APPICON_NAME = AppIcon;
				INFOPLIST_FILE = "Neemu Challenge/Info.plist";
				IPHONEOS_DEPLOYMENT_TARGET = 9.0;
				LD_RUNPATH_SEARCH_PATHS = "$(inherited) @executable_path/Frameworks";
				PRODUCT_BUNDLE_IDENTIFIER = "com.neemu.Neemu-Challenge";
				PRODUCT_NAME = "$(TARGET_NAME)";
			};
			name = Debug;
		};
		3EE428741D52816000A9B2CF /* Release */ = {
			isa = XCBuildConfiguration;
			baseConfigurationReference = 797D0DE5FE174A33F44185BC /* Pods-Neemu Challenge.release.xcconfig */;
			buildSettings = {
				ASSETCATALOG_COMPILER_APPICON_NAME = AppIcon;
				INFOPLIST_FILE = "Neemu Challenge/Info.plist";
				IPHONEOS_DEPLOYMENT_TARGET = 9.0;
				LD_RUNPATH_SEARCH_PATHS = "$(inherited) @executable_path/Frameworks";
				PRODUCT_BUNDLE_IDENTIFIER = "com.neemu.Neemu-Challenge";
				PRODUCT_NAME = "$(TARGET_NAME)";
			};
			name = Release;
		};
		3EE428761D52816000A9B2CF /* Debug */ = {
			isa = XCBuildConfiguration;
			baseConfigurationReference = 2B5CDAD9191C4C34B56D17D6 /* Pods-Neemu ChallengeTests.debug.xcconfig */;
			buildSettings = {
				BUNDLE_LOADER = "$(TEST_HOST)";
				INFOPLIST_FILE = "Neemu ChallengeTests/Info.plist";
				LD_RUNPATH_SEARCH_PATHS = "$(inherited) @executable_path/Frameworks @loader_path/Frameworks";
				PRODUCT_BUNDLE_IDENTIFIER = "com.neemu.Neemu-ChallengeTests";
				PRODUCT_NAME = "$(TARGET_NAME)";
				TEST_HOST = "$(BUILT_PRODUCTS_DIR)/Neemu Challenge.app/Neemu Challenge";
			};
			name = Debug;
		};
		3EE428771D52816000A9B2CF /* Release */ = {
			isa = XCBuildConfiguration;
			baseConfigurationReference = 8CF3CEBFA0F6C739732BCCE7 /* Pods-Neemu ChallengeTests.release.xcconfig */;
			buildSettings = {
				BUNDLE_LOADER = "$(TEST_HOST)";
				INFOPLIST_FILE = "Neemu ChallengeTests/Info.plist";
				LD_RUNPATH_SEARCH_PATHS = "$(inherited) @executable_path/Frameworks @loader_path/Frameworks";
				PRODUCT_BUNDLE_IDENTIFIER = "com.neemu.Neemu-ChallengeTests";
				PRODUCT_NAME = "$(TARGET_NAME)";
				TEST_HOST = "$(BUILT_PRODUCTS_DIR)/Neemu Challenge.app/Neemu Challenge";
			};
			name = Release;
		};
		3EE428791D52816000A9B2CF /* Debug */ = {
			isa = XCBuildConfiguration;
			baseConfigurationReference = F3A2C59989ED372C1803A732 /* Pods-Neemu ChallengeUITests.debug.xcconfig */;
			buildSettings = {
				INFOPLIST_FILE = "Neemu ChallengeUITests/Info.plist";
				LD_RUNPATH_SEARCH_PATHS = "$(inherited) @executable_path/Frameworks @loader_path/Frameworks";
				PRODUCT_BUNDLE_IDENTIFIER = "com.neemu.Neemu-ChallengeUITests";
				PRODUCT_NAME = "$(TARGET_NAME)";
				TEST_TARGET_NAME = "Neemu Challenge";
			};
			name = Debug;
		};
		3EE4287A1D52816000A9B2CF /* Release */ = {
			isa = XCBuildConfiguration;
			baseConfigurationReference = E93C18F6FF77B8AE0CC1D821 /* Pods-Neemu ChallengeUITests.release.xcconfig */;
			buildSettings = {
				INFOPLIST_FILE = "Neemu ChallengeUITests/Info.plist";
				LD_RUNPATH_SEARCH_PATHS = "$(inherited) @executable_path/Frameworks @loader_path/Frameworks";
				PRODUCT_BUNDLE_IDENTIFIER = "com.neemu.Neemu-ChallengeUITests";
				PRODUCT_NAME = "$(TARGET_NAME)";
				TEST_TARGET_NAME = "Neemu Challenge";
			};
			name = Release;
		};
/* End XCBuildConfiguration section */

/* Begin XCConfigurationList section */
		3EE428421D52816000A9B2CF /* Build configuration list for PBXProject "Neemu Challenge" */ = {
			isa = XCConfigurationList;
			buildConfigurations = (
				3EE428701D52816000A9B2CF /* Debug */,
				3EE428711D52816000A9B2CF /* Release */,
			);
			defaultConfigurationIsVisible = 0;
			defaultConfigurationName = Release;
		};
		3EE428721D52816000A9B2CF /* Build configuration list for PBXNativeTarget "Neemu Challenge" */ = {
			isa = XCConfigurationList;
			buildConfigurations = (
				3EE428731D52816000A9B2CF /* Debug */,
				3EE428741D52816000A9B2CF /* Release */,
			);
			defaultConfigurationIsVisible = 0;
			defaultConfigurationName = Release;
		};
		3EE428751D52816000A9B2CF /* Build configuration list for PBXNativeTarget "Neemu ChallengeTests" */ = {
			isa = XCConfigurationList;
			buildConfigurations = (
				3EE428761D52816000A9B2CF /* Debug */,
				3EE428771D52816000A9B2CF /* Release */,
			);
			defaultConfigurationIsVisible = 0;
			defaultConfigurationName = Release;
		};
		3EE428781D52816000A9B2CF /* Build configuration list for PBXNativeTarget "Neemu ChallengeUITests" */ = {
			isa = XCConfigurationList;
			buildConfigurations = (
				3EE428791D52816000A9B2CF /* Debug */,
				3EE4287A1D52816000A9B2CF /* Release */,
			);
			defaultConfigurationIsVisible = 0;
			defaultConfigurationName = Release;
		};
/* End XCConfigurationList section */

/* Begin XCVersionGroup section */
		3EE428511D52816000A9B2CF /* Neemu_Challenge.xcdatamodeld */ = {
			isa = XCVersionGroup;
			children = (
				3EE428521D52816000A9B2CF /* Neemu_Challenge.xcdatamodel */,
			);
			currentVersion = 3EE428521D52816000A9B2CF /* Neemu_Challenge.xcdatamodel */;
			path = Neemu_Challenge.xcdatamodeld;
			sourceTree = "<group>";
			versionGroupType = wrapper.xcdatamodel;
		};
/* End XCVersionGroup section */
	};
	rootObject = 3EE4283F1D52816000A9B2CF /* Project object */;
}
